{
  "object": {
    "pins": [
      {
        "package": "sa-sdk-ios",
        "repositoryURL": "https://github.com/asura1234/sa-sdk-ios.git",
        "state": {
          "branch": null,
          "revision": "480a8761c5921aa216e189ae2243dba963613e82",
          "version": null
        }
      }
    ]
  },
  "version": 1
}
