PODS:
  - SensorsAdvertising (0.0.4):
    - SensorsAdvertising/Core (= 0.0.4)
    - SensorsAnalyticsSDK (>= 2.6.3)
  - SensorsAdvertising/Core (0.0.4):
    - SensorsAnalyticsSDK (>= 2.6.3)
  - SensorsAnalyticsSDK (4.1.1):
    - SensorsAnalyticsSDK/Core (= 4.1.1)
  - SensorsAnalyticsSDK/AutoTrack (4.1.1):
    - SensorsAnalyticsSDK/Common
  - SensorsAnalyticsSDK/Base (4.1.1)
  - SensorsAnalyticsSDK/Common (4.1.1):
    - SensorsAnalyticsSDK/Extension
  - SensorsAnalyticsSDK/Core (4.1.1):
    - SensorsAnalyticsSDK/Common
    - SensorsAnalyticsSDK/Visualized
  - SensorsAnalyticsSDK/Extension (4.1.1):
    - SensorsAnalyticsSDK/Base
  - SensorsAnalyticsSDK/Visualized (4.1.1):
    - SensorsAnalyticsSDK/AutoTrack

DEPENDENCIES:
  - SensorsAdvertising (from `./`)

SPEC REPOS:
  trunk:
    - SensorsAnalyticsSDK

EXTERNAL SOURCES:
  SensorsAdvertising:
    :path: "./"

SPEC CHECKSUMS:
  SensorsAdvertising: e4081a2e777466a240f0070e528d691a3d08d4ad
  SensorsAnalyticsSDK: c5400e14b4a1b1082abba66b75ea375d51154ab5

PODFILE CHECKSUM: d67ae6bdaf21e989655113c3d6aaff4767f56303

COCOAPODS: 1.11.2
