PODS:
  - SensorsAdvertising (0.1.0):
    - SensorsAdvertising/Core (= 0.1.0)
    - SensorsAnalyticsSDK (>= 4.2.0)
  - SensorsAdvertising/Core (0.1.0):
    - SensorsAnalyticsSDK (>= 4.2.0)
  - SensorsAnalyticsSDK (4.2.0):
    - SensorsAnalyticsSDK/Core (= 4.2.0)
  - SensorsAnalyticsSDK/__Store (4.2.0)
  - SensorsAnalyticsSDK/AutoTrack (4.2.0):
    - SensorsAnalyticsSDK/Common
  - SensorsAnalyticsSDK/Base (4.2.0):
    - SensorsAnalyticsSDK/__Store
  - SensorsAnalyticsSDK/Common (4.2.0):
    - SensorsAnalyticsSDK/Extension
  - SensorsAnalyticsSDK/Core (4.2.0):
    - SensorsAnalyticsSDK/Common
    - SensorsAnalyticsSDK/Visualized
  - SensorsAnalyticsSDK/Extension (4.2.0):
    - SensorsAnalyticsSDK/Base
  - SensorsAnalyticsSDK/Visualized (4.2.0):
    - SensorsAnalyticsSDK/AutoTrack

DEPENDENCIES:
  - SensorsAdvertising (from `./`)

SPEC REPOS:
  trunk:
    - SensorsAnalyticsSDK

EXTERNAL SOURCES:
  SensorsAdvertising:
    :path: "./"

SPEC CHECKSUMS:
  SensorsAdvertising: c80c7251f094a999f1abc9e799a3a661fbb6d5bd
  SensorsAnalyticsSDK: 298ab500555cfcc8538119df06490001aa2cf4f3

PODFILE CHECKSUM: d67ae6bdaf21e989655113c3d6aaff4767f56303

COCOAPODS: 1.11.2
